Microsoft Visual Studio Solution File, Format Version 11.00
# Visual Studio 2008

Project("{2D9C3B3F-B12F-E29B-BB15-887048B7D344}") = "DogOwner", "Assembly-CSharp.csproj", "{161CD2A9-7C36-4E70-2C1C-B10BA3B42645}"
EndProject
Global
	GlobalSection(SolutionConfigurationPlatforms) = preSolution
		Debug|Any CPU = Debug|Any CPU
		Release|Any CPU = Release|Any CPU
	EndGlobalSection
	GlobalSection(ProjectConfigurationPlatforms) = postSolution
		{161CD2A9-7C36-4E70-2C1C-B10BA3B42645}.Debug|Any CPU.ActiveCfg = Debug|Any CPU
		{161CD2A9-7C36-4E70-2C1C-B10BA3B42645}.Debug|Any CPU.Build.0 = Debug|Any CPU
		{161CD2A9-7C36-4E70-2C1C-B10BA3B42645}.Release|Any CPU.ActiveCfg = Release|Any CPU
		{161CD2A9-7C36-4E70-2C1C-B10BA3B42645}.Release|Any CPU.Build.0 = Release|Any CPU
	EndGlobalSection
	GlobalSection(SolutionProperties) = preSolution
		HideSolutionNode = FALSE
	EndGlobalSection
	GlobalSection(MonoDevelopProperties) = preSolution
		StartupItem = Assembly-CSharp.csproj
	EndGlobalSection
EndGlobal
